
Microsoft Visual Studio Solution File, Format Version 12.00
# Visual Studio Version 17
VisualStudioVersion = 17.6.33717.318
MinimumVisualStudioVersion = 10.0.40219.1
Project("{9A19103F-16F7-4668-BE54-9A1E7A4F7556}") = "QuotaInvoice.Server", "QuotaInvoice\Server\QuotaInvoice.Server.csproj", "{BBEFA462-8DA7-431A-8274-B5FF334E3497}"
EndProject
Project("{9A19103F-16F7-4668-BE54-9A1E7A4F7556}") = "QuotaInvoice.Client", "QuotaInvoice\Client\QuotaInvoice.Client.csproj", "{9D32033E-1E45-4D79-87B1-7CF4ADEB44D3}"
EndProject
Project("{9A19103F-16F7-4668-BE54-9A1E7A4F7556}") = "QuotaInvoice.Shared", "QuotaInvoice\Shared\QuotaInvoice.Shared.csproj", "{0D81F328-200E-4E03-823D-13603AA388B3}"
EndProject
Project("{2150E333-8FDC-42A3-9474-1A3956D46DE8}") = "Solution Items", "Solution Items", "{FD636097-9880-4A9B-99AE-0E87E1156442}"
	ProjectSection(SolutionItems) = preProject
		.editorconfig = .editorconfig
	EndProjectSection
EndProject
Global
	GlobalSection(SolutionConfigurationPlatforms) = preSolution
		Debug|Any CPU = Debug|Any CPU
		Release|Any CPU = Release|Any CPU
	EndGlobalSection
	GlobalSection(ProjectConfigurationPlatforms) = postSolution
		{BBEFA462-8DA7-431A-8274-B5FF334E3497}.Debug|Any CPU.ActiveCfg = Debug|Any CPU
		{BBEFA462-8DA7-431A-8274-B5FF334E3497}.Debug|Any CPU.Build.0 = Debug|Any CPU
		{BBEFA462-8DA7-431A-8274-B5FF334E3497}.Release|Any CPU.ActiveCfg = Release|Any CPU
		{BBEFA462-8DA7-431A-8274-B5FF334E3497}.Release|Any CPU.Build.0 = Release|Any CPU
		{9D32033E-1E45-4D79-87B1-7CF4ADEB44D3}.Debug|Any CPU.ActiveCfg = Debug|Any CPU
		{9D32033E-1E45-4D79-87B1-7CF4ADEB44D3}.Debug|Any CPU.Build.0 = Debug|Any CPU
		{9D32033E-1E45-4D79-87B1-7CF4ADEB44D3}.Release|Any CPU.ActiveCfg = Release|Any CPU
		{9D32033E-1E45-4D79-87B1-7CF4ADEB44D3}.Release|Any CPU.Build.0 = Release|Any CPU
		{0D81F328-200E-4E03-823D-13603AA388B3}.Debug|Any CPU.ActiveCfg = Debug|Any CPU
		{0D81F328-200E-4E03-823D-13603AA388B3}.Debug|Any CPU.Build.0 = Debug|Any CPU
		{0D81F328-200E-4E03-823D-13603AA388B3}.Release|Any CPU.ActiveCfg = Release|Any CPU
		{0D81F328-200E-4E03-823D-13603AA388B3}.Release|Any CPU.Build.0 = Release|Any CPU
	EndGlobalSection
	GlobalSection(SolutionProperties) = preSolution
		HideSolutionNode = FALSE
	EndGlobalSection
	GlobalSection(ExtensibilityGlobals) = postSolution
		SolutionGuid = {F1D503B5-AB14-4AD7-9A2F-2BC14808B916}
	EndGlobalSection
EndGlobal
